<?xml version="1.0" encoding="utf-8"?>
<Project ToolsVersion="4.0" xmlns="http://schemas.microsoft.com/developer/msbuild/2003">
  <ItemGroup>
    <Filter Include="资源文件">
      <UniqueIdentifier>{67DA6AB6-F800-4c08-8B7A-83BB121AAD01}</UniqueIdentifier>
      <Extensions>rc;ico;cur;bmp;dlg;rc2;rct;bin;rgs;gif;jpg;jpeg;jpe;resx;tiff;tif;png;wav;mfcribbon-ms</Extensions>
    </Filter>
    <Filter Include="Test">
      <UniqueIdentifier>{ec314ff3-dcde-4cac-a63a-4f6827750d0a}</UniqueIdentifier>
    </Filter>
    <Filter Include="Test\Lib">
      <UniqueIdentifier>{c6f24d77-e6f0-439e-954a-c0ca577689d5}</UniqueIdentifier>
    </Filter>
    <Filter Include="include">
      <UniqueIdentifier>{93995380-89BD-4b04-88EB-625FBE52EBFB}</UniqueIdentifier>
      <Extensions>h;hh;hpp;hxx;hm;inl;inc;xsd</Extensions>
    </Filter>
    <Filter Include="source">
      <UniqueIdentifier>{4FC737F1-C7A5-4376-A066-2A32D752A2FF}</UniqueIdentifier>
      <Extensions>cpp;c;cc;cxx;def;odl;idl;hpj;bat;asm;asmx</Extensions>
    </Filter>
  </ItemGroup>
  <ItemGroup>
    <ClInclude Include="type_traits.h">
      <Filter>include</Filter>
    </ClInclude>
    <ClInclude Include="construct.h">
      <Filter>include</Filter>
    </ClInclude>
    <ClInclude Include="alloc.h">
      <Filter>include</Filter>
    </ClInclude>
    <ClInclude Include="allocator.h">
      <Filter>include</Filter>
    </ClInclude>
    <ClInclude Include="uninitialized.h">
      <Filter>include</Filter>
    </ClInclude>
    <ClInclude Include="iterator.h">
      <Filter>include</Filter>
    </ClInclude>
    <ClInclude Include="numeric.h">
      <Filter>include</Filter>
    </ClInclude>
    <ClInclude Include="algobase.h">
      <Filter>include</Filter>
    </ClInclude>
    <ClInclude Include="pair.h">
      <Filter>include</Filter>
    </ClInclude>
    <ClInclude Include="heap_algo.h">
      <Filter>include</Filter>
    </ClInclude>
    <ClInclude Include="set_algo.h">
      <Filter>include</Filter>
    </ClInclude>
    <ClInclude Include="algo.h">
      <Filter>include</Filter>
    </ClInclude>
    <ClInclude Include="algorithm.h">
      <Filter>include</Filter>
    </ClInclude>
    <ClInclude Include="vector.h">
      <Filter>include</Filter>
    </ClInclude>
    <ClInclude Include="memory.h">
      <Filter>include</Filter>
    </ClInclude>
    <ClInclude Include="tempbuf.h">
      <Filter>include</Filter>
    </ClInclude>
    <ClInclude Include="list.h">
      <Filter>include</Filter>
    </ClInclude>
    <ClInclude Include="deque.h">
      <Filter>include</Filter>
    </ClInclude>
    <ClInclude Include="stack.h">
      <Filter>include</Filter>
    </ClInclude>
    <ClInclude Include="queue.h">
      <Filter>include</Filter>
    </ClInclude>
    <ClInclude Include="functional.h">
      <Filter>include</Filter>
    </ClInclude>
    <ClInclude Include="rb_tree.h">
      <Filter>include</Filter>
    </ClInclude>
    <ClInclude Include="set.h">
      <Filter>include</Filter>
    </ClInclude>
    <ClInclude Include="map.h">
      <Filter>include</Filter>
    </ClInclude>
    <ClInclude Include="hashtable.h">
      <Filter>include</Filter>
    </ClInclude>
    <ClInclude Include="basic_string.h">
      <Filter>include</Filter>
    </ClInclude>
    <ClInclude Include="unordered_set.h">
      <Filter>include</Filter>
    </ClInclude>
    <ClInclude Include="unordered_map.h">
      <Filter>include</Filter>
    </ClInclude>
    <ClInclude Include="..\Test\algorithm_performance_test.h">
      <Filter>Test</Filter>
    </ClInclude>
    <ClInclude Include="..\Test\algorithm_test.h">
      <Filter>Test</Filter>
    </ClInclude>
    <ClInclude Include="..\Test\deque_test.h">
      <Filter>Test</Filter>
    </ClInclude>
    <ClInclude Include="..\Test\list_test.h">
      <Filter>Test</Filter>
    </ClInclude>
    <ClInclude Include="..\Test\map_test.h">
      <Filter>Test</Filter>
    </ClInclude>
    <ClInclude Include="..\Test\queue_test.h">
      <Filter>Test</Filter>
    </ClInclude>
    <ClInclude Include="..\Test\set_test.h">
      <Filter>Test</Filter>
    </ClInclude>
    <ClInclude Include="..\Test\stack_test.h">
      <Filter>Test</Filter>
    </ClInclude>
    <ClInclude Include="..\Test\string_test.h">
      <Filter>Test</Filter>
    </ClInclude>
    <ClInclude Include="..\Test\test.h">
      <Filter>Test</Filter>
    </ClInclude>
    <ClInclude Include="..\Test\unordered_map_test.h">
      <Filter>Test</Filter>
    </ClInclude>
    <ClInclude Include="..\Test\unordered_set_test.h">
      <Filter>Test</Filter>
    </ClInclude>
    <ClInclude Include="..\Test\vector_test.h">
      <Filter>Test</Filter>
    </ClInclude>
    <ClInclude Include="..\Test\Lib\redbud\platform.h">
      <Filter>Test\Lib</Filter>
    </ClInclude>
    <ClInclude Include="..\Test\Lib\redbud\io\color.h">
      <Filter>Test\Lib</Filter>
    </ClInclude>
    <ClInclude Include="astring.h">
      <Filter>include</Filter>
    </ClInclude>
    <ClInclude Include="util.h">
      <Filter>include</Filter>
    </ClInclude>
  </ItemGroup>
  <ItemGroup>
    <ClCompile Include="..\Test\test.cpp">
      <Filter>Test</Filter>
    </ClCompile>
  </ItemGroup>
</Project>