<?xml version="1.0" encoding="utf-8"?>
<Project ToolsVersion="4.0" xmlns="http://schemas.microsoft.com/developer/msbuild/2003">
  <ItemGroup>
    <Filter Include="资源文件">
      <UniqueIdentifier>{67DA6AB6-F800-4c08-8B7A-83BB121AAD01}</UniqueIdentifier>
      <Extensions>rc;ico;cur;bmp;dlg;rc2;rct;bin;rgs;gif;jpg;jpeg;jpe;resx;tiff;tif;png;wav;mfcribbon-ms</Extensions>
    </Filter>
    <Filter Include="include">
      <UniqueIdentifier>{93995380-89BD-4b04-88EB-625FBE52EBFB}</UniqueIdentifier>
      <Extensions>h;hh;hpp;hxx;hm;inl;inc;xsd</Extensions>
    </Filter>
    <Filter Include="source">
      <UniqueIdentifier>{4FC737F1-C7A5-4376-A066-2A32D752A2FF}</UniqueIdentifier>
      <Extensions>cpp;c;cc;cxx;def;odl;idl;hpj;bat;asm;asmx</Extensions>
    </Filter>
    <Filter Include="test">
      <UniqueIdentifier>{ec314ff3-dcde-4cac-a63a-4f6827750d0a}</UniqueIdentifier>
    </Filter>
    <Filter Include="test\Lib">
      <UniqueIdentifier>{c6f24d77-e6f0-439e-954a-c0ca577689d5}</UniqueIdentifier>
    </Filter>
  </ItemGroup>
  <ItemGroup>
    <ClInclude Include="..\MyTinySTL\type_traits.h">
      <Filter>include</Filter>
    </ClInclude>
    <ClInclude Include="..\MyTinySTL\construct.h">
      <Filter>include</Filter>
    </ClInclude>
    <ClInclude Include="..\MyTinySTL\alloc.h">
      <Filter>include</Filter>
    </ClInclude>
    <ClInclude Include="..\MyTinySTL\allocator.h">
      <Filter>include</Filter>
    </ClInclude>
    <ClInclude Include="..\MyTinySTL\uninitialized.h">
      <Filter>include</Filter>
    </ClInclude>
    <ClInclude Include="..\MyTinySTL\iterator.h">
      <Filter>include</Filter>
    </ClInclude>
    <ClInclude Include="..\MyTinySTL\numeric.h">
      <Filter>include</Filter>
    </ClInclude>
    <ClInclude Include="..\MyTinySTL\algobase.h">
      <Filter>include</Filter>
    </ClInclude>
    <ClInclude Include="..\MyTinySTL\heap_algo.h">
      <Filter>include</Filter>
    </ClInclude>
    <ClInclude Include="..\MyTinySTL\set_algo.h">
      <Filter>include</Filter>
    </ClInclude>
    <ClInclude Include="..\MyTinySTL\algo.h">
      <Filter>include</Filter>
    </ClInclude>
    <ClInclude Include="..\MyTinySTL\algorithm.h">
      <Filter>include</Filter>
    </ClInclude>
    <ClInclude Include="..\MyTinySTL\vector.h">
      <Filter>include</Filter>
    </ClInclude>
    <ClInclude Include="..\MyTinySTL\memory.h">
      <Filter>include</Filter>
    </ClInclude>
    <ClInclude Include="..\MyTinySTL\list.h">
      <Filter>include</Filter>
    </ClInclude>
    <ClInclude Include="..\MyTinySTL\deque.h">
      <Filter>include</Filter>
    </ClInclude>
    <ClInclude Include="..\MyTinySTL\stack.h">
      <Filter>include</Filter>
    </ClInclude>
    <ClInclude Include="..\MyTinySTL\queue.h">
      <Filter>include</Filter>
    </ClInclude>
    <ClInclude Include="..\MyTinySTL\functional.h">
      <Filter>include</Filter>
    </ClInclude>
    <ClInclude Include="..\MyTinySTL\rb_tree.h">
      <Filter>include</Filter>
    </ClInclude>
    <ClInclude Include="..\MyTinySTL\set.h">
      <Filter>include</Filter>
    </ClInclude>
    <ClInclude Include="..\MyTinySTL\map.h">
      <Filter>include</Filter>
    </ClInclude>
    <ClInclude Include="..\MyTinySTL\hashtable.h">
      <Filter>include</Filter>
    </ClInclude>
    <ClInclude Include="..\MyTinySTL\basic_string.h">
      <Filter>include</Filter>
    </ClInclude>
    <ClInclude Include="..\MyTinySTL\unordered_set.h">
      <Filter>include</Filter>
    </ClInclude>
    <ClInclude Include="..\MyTinySTL\unordered_map.h">
      <Filter>include</Filter>
    </ClInclude>
    <ClInclude Include="..\Test\algorithm_performance_test.h">
      <Filter>test</Filter>
    </ClInclude>
    <ClInclude Include="..\Test\algorithm_test.h">
      <Filter>test</Filter>
    </ClInclude>
    <ClInclude Include="..\Test\deque_test.h">
      <Filter>test</Filter>
    </ClInclude>
    <ClInclude Include="..\Test\list_test.h">
      <Filter>test</Filter>
    </ClInclude>
    <ClInclude Include="..\Test\map_test.h">
      <Filter>test</Filter>
    </ClInclude>
    <ClInclude Include="..\Test\queue_test.h">
      <Filter>test</Filter>
    </ClInclude>
    <ClInclude Include="..\Test\set_test.h">
      <Filter>test</Filter>
    </ClInclude>
    <ClInclude Include="..\Test\stack_test.h">
      <Filter>test</Filter>
    </ClInclude>
    <ClInclude Include="..\Test\string_test.h">
      <Filter>test</Filter>
    </ClInclude>
    <ClInclude Include="..\Test\test.h">
      <Filter>test</Filter>
    </ClInclude>
    <ClInclude Include="..\Test\unordered_map_test.h">
      <Filter>test</Filter>
    </ClInclude>
    <ClInclude Include="..\Test\unordered_set_test.h">
      <Filter>test</Filter>
    </ClInclude>
    <ClInclude Include="..\Test\vector_test.h">
      <Filter>test</Filter>
    </ClInclude>
    <ClInclude Include="..\Test\Lib\redbud\platform.h">
      <Filter>test\Lib</Filter>
    </ClInclude>
    <ClInclude Include="..\Test\Lib\redbud\io\color.h">
      <Filter>test\Lib</Filter>
    </ClInclude>
    <ClInclude Include="..\MyTinySTL\astring.h">
      <Filter>include</Filter>
    </ClInclude>
    <ClInclude Include="..\MyTinySTL\util.h">
      <Filter>include</Filter>
    </ClInclude>
    <ClInclude Include="..\MyTinySTL\exceptdef.h">
      <Filter>include</Filter>
    </ClInclude>
  </ItemGroup>
  <ItemGroup>
    <ClCompile Include="..\Test\test.cpp">
      <Filter>test</Filter>
    </ClCompile>
  </ItemGroup>
</Project>